
Microsoft Visual Studio Solution File, Format Version 12.00
# Visual Studio Version 17
VisualStudioVersion = 17.14.36414.22 d17.14
MinimumVisualStudioVersion = 10.0.40219.1
Project("{FAE04EC0-301F-11D3-BF4B-00C04F79EFBC}") = "HotelBookingSystem", "HotelBookingSystem\HotelBookingSystem.csproj", "{56883472-5377-4AE8-B64D-FC177DFF7045}"
EndProject
Global
	GlobalSection(SolutionConfigurationPlatforms) = preSolution
		Debug|Any CPU = Debug|Any CPU
		Release|Any CPU = Release|Any CPU
	EndGlobalSection
	GlobalSection(ProjectConfigurationPlatforms) = postSolution
		{56883472-5377-4AE8-B64D-FC177DFF7045}.Debug|Any CPU.ActiveCfg = Debug|Any CPU
		{56883472-5377-4AE8-B64D-FC177DFF7045}.Debug|Any CPU.Build.0 = Debug|Any CPU
		{56883472-5377-4AE8-B64D-FC177DFF7045}.Release|Any CPU.ActiveCfg = Release|Any CPU
		{56883472-5377-4AE8-B64D-FC177DFF7045}.Release|Any CPU.Build.0 = Release|Any CPU
	EndGlobalSection
	GlobalSection(SolutionProperties) = preSolution
		HideSolutionNode = FALSE
	EndGlobalSection
	GlobalSection(ExtensibilityGlobals) = postSolution
		SolutionGuid = {16939CE5-C809-487C-A85E-29E1F96CF9E6}
	EndGlobalSection
EndGlobal
